// !$*UTF8*$!
{
	archiveVersion = 1;
	classes = {
	};
	objectVersion = 46;
	objects = {

/* Begin PBXBuildFile section */
		0DA5BE721B61D5C1003238D6 /* PIdiomService.m in Sources */ = {isa = PBXBuildFile; fileRef = 0DA5BE711B61D5C1003238D6 /* PIdiomService.m */; };
		0DE496AD1B6114D6005E17FC /* main.m in Sources */ = {isa = PBXBuildFile; fileRef = 0DE496AC1B6114D6005E17FC /* main.m */; };
		0DE496B01B6114D6005E17FC /* AppDelegate.m in Sources */ = {isa = PBXBuildFile; fileRef = 0DE496AF1B6114D6005E17FC /* AppDelegate.m */; };
		0DE496B31B6114D6005E17FC /* ViewController.m in Sources */ = {isa = PBXBuildFile; fileRef = 0DE496B21B6114D6005E17FC /* ViewController.m */; };
		0DE496B61B6114D6005E17FC /* Main.storyboard in Resources */ = {isa = PBXBuildFile; fileRef = 0DE496B41B6114D6005E17FC /* Main.storyboard */; };
		0DE496B81B6114D6005E17FC /* Images.xcassets in Resources */ = {isa = PBXBuildFile; fileRef = 0DE496B71B6114D6005E17FC /* Images.xcassets */; };
		0DE496BB1B6114D6005E17FC /* LaunchScreen.xib in Resources */ = {isa = PBXBuildFile; fileRef = 0DE496B91B6114D6005E17FC /* LaunchScreen.xib */; };
		0DE496C71B6114D6005E17FC /* QMCaptureTests.m in Sources */ = {isa = PBXBuildFile; fileRef = 0DE496C61B6114D6005E17FC /* QMCaptureTests.m */; };
		0DE496D21B612FB7005E17FC /* IdiomData.m in Sources */ = {isa = PBXBuildFile; fileRef = 0DE496D11B612FB7005E17FC /* IdiomData.m */; };
		779509BC2C3C8168A077CF66 /* libPods.a in Frameworks */ = {isa = PBXBuildFile; fileRef = 69A8E3DA08E1F010FEB20B36 /* libPods.a */; };
/* End PBXBuildFile section */

/* Begin PBXContainerItemProxy section */
		0DE496C11B6114D6005E17FC /* PBXContainerItemProxy */ = {
			isa = PBXContainerItemProxy;
			containerPortal = 0DE4969F1B6114D6005E17FC /* Project object */;
			proxyType = 1;
			remoteGlobalIDString = 0DE496A61B6114D6005E17FC;
			remoteInfo = QMCapture;
		};
/* End PBXContainerItemProxy section */

/* Begin PBXFileReference section */
		0DA5BE701B61D5C1003238D6 /* PIdiomService.h */ = {isa = PBXFileReference; fileEncoding = 4; lastKnownFileType = sourcecode.c.h; path = PIdiomService.h; sourceTree = "<group>"; };
		0DA5BE711B61D5C1003238D6 /* PIdiomService.m */ = {isa = PBXFileReference; fileEncoding = 4; lastKnownFileType = sourcecode.c.objc; path = PIdiomService.m; sourceTree = "<group>"; };
		0DE496A71B6114D6005E17FC /* QMCapture.app */ = {isa = PBXFileReference; explicitFileType = wrapper.application; includeInIndex = 0; path = QMCapture.app; sourceTree = BUILT_PRODUCTS_DIR; };
		0DE496AB1B6114D6005E17FC /* Info.plist */ = {isa = PBXFileReference; lastKnownFileType = text.plist.xml; path = Info.plist; sourceTree = "<group>"; };
		0DE496AC1B6114D6005E17FC /* main.m */ = {isa = PBXFileReference; lastKnownFileType = sourcecode.c.objc; path = main.m; sourceTree = "<group>"; };
		0DE496AE1B6114D6005E17FC /* AppDelegate.h */ = {isa = PBXFileReference; lastKnownFileType = sourcecode.c.h; path = AppDelegate.h; sourceTree = "<group>"; };
		0DE496AF1B6114D6005E17FC /* AppDelegate.m */ = {isa = PBXFileReference; lastKnownFileType = sourcecode.c.objc; path = AppDelegate.m; sourceTree = "<group>"; };
		0DE496B11B6114D6005E17FC /* ViewController.h */ = {isa = PBXFileReference; lastKnownFileType = sourcecode.c.h; path = ViewController.h; sourceTree = "<group>"; };
		0DE496B21B6114D6005E17FC /* ViewController.m */ = {isa = PBXFileReference; lastKnownFileType = sourcecode.c.objc; path = ViewController.m; sourceTree = "<group>"; };
		0DE496B51B6114D6005E17FC /* Base */ = {isa = PBXFileReference; lastKnownFileType = file.storyboard; name = Base; path = Base.lproj/Main.storyboard; sourceTree = "<group>"; };
		0DE496B71B6114D6005E17FC /* Images.xcassets */ = {isa = PBXFileReference; lastKnownFileType = folder.assetcatalog; path = Images.xcassets; sourceTree = "<group>"; };
		0DE496BA1B6114D6005E17FC /* Base */ = {isa = PBXFileReference; lastKnownFileType = file.xib; name = Base; path = Base.lproj/LaunchScreen.xib; sourceTree = "<group>"; };
		0DE496C01B6114D6005E17FC /* QMCaptureTests.xctest */ = {isa = PBXFileReference; explicitFileType = wrapper.cfbundle; includeInIndex = 0; path = QMCaptureTests.xctest; sourceTree = BUILT_PRODUCTS_DIR; };
		0DE496C51B6114D6005E17FC /* Info.plist */ = {isa = PBXFileReference; lastKnownFileType = text.plist.xml; path = Info.plist; sourceTree = "<group>"; };
		0DE496C61B6114D6005E17FC /* QMCaptureTests.m */ = {isa = PBXFileReference; lastKnownFileType = sourcecode.c.objc; path = QMCaptureTests.m; sourceTree = "<group>"; };
		0DE496D01B612FB7005E17FC /* IdiomData.h */ = {isa = PBXFileReference; fileEncoding = 4; lastKnownFileType = sourcecode.c.h; path = IdiomData.h; sourceTree = "<group>"; };
		0DE496D11B612FB7005E17FC /* IdiomData.m */ = {isa = PBXFileReference; fileEncoding = 4; lastKnownFileType = sourcecode.c.objc; path = IdiomData.m; sourceTree = "<group>"; };
		69A8E3DA08E1F010FEB20B36 /* libPods.a */ = {isa = PBXFileReference; explicitFileType = archive.ar; includeInIndex = 0; path = libPods.a; sourceTree = BUILT_PRODUCTS_DIR; };
		7BD6721B77A1AAEDECFEC819 /* Pods.release.xcconfig */ = {isa = PBXFileReference; includeInIndex = 1; lastKnownFileType = text.xcconfig; name = Pods.release.xcconfig; path = "Pods/Target Support Files/Pods/Pods.release.xcconfig"; sourceTree = "<group>"; };
		DF10F9EFE7A8C67BC0AA9D83 /* Pods.debug.xcconfig */ = {isa = PBXFileReference; includeInIndex = 1; lastKnownFileType = text.xcconfig; name = Pods.debug.xcconfig; path = "Pods/Target Support Files/Pods/Pods.debug.xcconfig"; sourceTree = "<group>"; };
/* End PBXFileReference section */

/* Begin PBXFrameworksBuildPhase section */
		0DE496A41B6114D6005E17FC /* Frameworks */ = {
			isa = PBXFrameworksBuildPhase;
			buildActionMask = 2147483647;
			files = (
				779509BC2C3C8168A077CF66 /* libPods.a in Frameworks */,
			);
			runOnlyForDeploymentPostprocessing = 0;
		};
		0DE496BD1B6114D6005E17FC /* Frameworks */ = {
			isa = PBXFrameworksBuildPhase;
			buildActionMask = 2147483647;
			files = (
			);
			runOnlyForDeploymentPostprocessing = 0;
		};
/* End PBXFrameworksBuildPhase section */

/* Begin PBXGroup section */
		0DE4969E1B6114D6005E17FC = {
			isa = PBXGroup;
			children = (
				0DE496A91B6114D6005E17FC /* QMCapture */,
				0DE496C31B6114D6005E17FC /* QMCaptureTests */,
				0DE496A81B6114D6005E17FC /* Products */,
				19F34966681A2AC39EE2D1C2 /* Pods */,
				659D20BF2D58AFBAD025F23A /* Frameworks */,
			);
			sourceTree = "<group>";
		};
		0DE496A81B6114D6005E17FC /* Products */ = {
			isa = PBXGroup;
			children = (
				0DE496A71B6114D6005E17FC /* QMCapture.app */,
				0DE496C01B6114D6005E17FC /* QMCaptureTests.xctest */,
			);
			name = Products;
			sourceTree = "<group>";
		};
		0DE496A91B6114D6005E17FC /* QMCapture */ = {
			isa = PBXGroup;
			children = (
				0DE496AE1B6114D6005E17FC /* AppDelegate.h */,
				0DE496AF1B6114D6005E17FC /* AppDelegate.m */,
				0DE496B11B6114D6005E17FC /* ViewController.h */,
				0DE496B21B6114D6005E17FC /* ViewController.m */,
				0DE496D01B612FB7005E17FC /* IdiomData.h */,
				0DE496D11B612FB7005E17FC /* IdiomData.m */,
				0DA5BE701B61D5C1003238D6 /* PIdiomService.h */,
				0DA5BE711B61D5C1003238D6 /* PIdiomService.m */,
				0DE496B41B6114D6005E17FC /* Main.storyboard */,
				0DE496B71B6114D6005E17FC /* Images.xcassets */,
				0DE496B91B6114D6005E17FC /* LaunchScreen.xib */,
				0DE496AA1B6114D6005E17FC /* Supporting Files */,
			);
			path = QMCapture;
			sourceTree = "<group>";
		};
		0DE496AA1B6114D6005E17FC /* Supporting Files */ = {
			isa = PBXGroup;
			children = (
				0DE496AB1B6114D6005E17FC /* Info.plist */,
				0DE496AC1B6114D6005E17FC /* main.m */,
			);
			name = "Supporting Files";
			sourceTree = "<group>";
		};
		0DE496C31B6114D6005E17FC /* QMCaptureTests */ = {
			isa = PBXGroup;
			children = (
				0DE496C61B6114D6005E17FC /* QMCaptureTests.m */,
				0DE496C41B6114D6005E17FC /* Supporting Files */,
			);
			path = QMCaptureTests;
			sourceTree = "<group>";
		};
		0DE496C41B6114D6005E17FC /* Supporting Files */ = {
			isa = PBXGroup;
			children = (
				0DE496C51B6114D6005E17FC /* Info.plist */,
			);
			name = "Supporting Files";
			sourceTree = "<group>";
		};
		19F34966681A2AC39EE2D1C2 /* Pods */ = {
			isa = PBXGroup;
			children = (
				DF10F9EFE7A8C67BC0AA9D83 /* Pods.debug.xcconfig */,
				7BD6721B77A1AAEDECFEC819 /* Pods.release.xcconfig */,
			);
			name = Pods;
			sourceTree = "<group>";
		};
		659D20BF2D58AFBAD025F23A /* Frameworks */ = {
			isa = PBXGroup;
			children = (
				69A8E3DA08E1F010FEB20B36 /* libPods.a */,
			);
			name = Frameworks;
			sourceTree = "<group>";
		};
/* End PBXGroup section */

/* Begin PBXNativeTarget section */
		0DE496A61B6114D6005E17FC /* QMCapture */ = {
			isa = PBXNativeTarget;
			buildConfigurationList = 0DE496CA1B6114D6005E17FC /* Build configuration list for PBXNativeTarget "QMCapture" */;
			buildPhases = (
				12CF47C46CF40C2BE90EBF14 /* Check Pods Manifest.lock */,
				0DE496A31B6114D6005E17FC /* Sources */,
				0DE496A41B6114D6005E17FC /* Frameworks */,
				0DE496A51B6114D6005E17FC /* Resources */,
				95DFFA993968ADCEFDE695EB /* Copy Pods Resources */,
			);
			buildRules = (
			);
			dependencies = (
			);
			name = QMCapture;
			productName = QMCapture;
			productReference = 0DE496A71B6114D6005E17FC /* QMCapture.app */;
			productType = "com.apple.product-type.application";
		};
		0DE496BF1B6114D6005E17FC /* QMCaptureTests */ = {
			isa = PBXNativeTarget;
			buildConfigurationList = 0DE496CD1B6114D6005E17FC /* Build configuration list for PBXNativeTarget "QMCaptureTests" */;
			buildPhases = (
				0DE496BC1B6114D6005E17FC /* Sources */,
				0DE496BD1B6114D6005E17FC /* Frameworks */,
				0DE496BE1B6114D6005E17FC /* Resources */,
			);
			buildRules = (
			);
			dependencies = (
				0DE496C21B6114D6005E17FC /* PBXTargetDependency */,
			);
			name = QMCaptureTests;
			productName = QMCaptureTests;
			productReference = 0DE496C01B6114D6005E17FC /* QMCaptureTests.xctest */;
			productType = "com.apple.product-type.bundle.unit-test";
		};
/* End PBXNativeTarget section */

/* Begin PBXProject section */
		0DE4969F1B6114D6005E17FC /* Project object */ = {
			isa = PBXProject;
			attributes = {
				LastUpgradeCheck = 0640;
				ORGANIZATIONNAME = "刘永生";
				TargetAttributes = {
					0DE496A61B6114D6005E17FC = {
						CreatedOnToolsVersion = 6.4;
					};
					0DE496BF1B6114D6005E17FC = {
						CreatedOnToolsVersion = 6.4;
						TestTargetID = 0DE496A61B6114D6005E17FC;
					};
				};
			};
			buildConfigurationList = 0DE496A21B6114D6005E17FC /* Build configuration list for PBXProject "QMCapture" */;
			compatibilityVersion = "Xcode 3.2";
			developmentRegion = English;
			hasScannedForEncodings = 0;
			knownRegions = (
				en,
				Base,
			);
			mainGroup = 0DE4969E1B6114D6005E17FC;
			productRefGroup = 0DE496A81B6114D6005E17FC /* Products */;
			projectDirPath = "";
			projectRoot = "";
			targets = (
				0DE496A61B6114D6005E17FC /* QMCapture */,
				0DE496BF1B6114D6005E17FC /* QMCaptureTests */,
			);
		};
/* End PBXProject section */

/* Begin PBXResourcesBuildPhase section */
		0DE496A51B6114D6005E17FC /* Resources */ = {
			isa = PBXResourcesBuildPhase;
			buildActionMask = 2147483647;
			files = (
				0DE496B61B6114D6005E17FC /* Main.storyboard in Resources */,
				0DE496BB1B6114D6005E17FC /* LaunchScreen.xib in Resources */,
				0DE496B81B6114D6005E17FC /* Images.xcassets in Resources */,
			);
			runOnlyForDeploymentPostprocessing = 0;
		};
		0DE496BE1B6114D6005E17FC /* Resources */ = {
			isa = PBXResourcesBuildPhase;
			buildActionMask = 2147483647;
			files = (
			);
			runOnlyForDeploymentPostprocessing = 0;
		};
/* End PBXResourcesBuildPhase section */

/* Begin PBXShellScriptBuildPhase section */
		12CF47C46CF40C2BE90EBF14 /* Check Pods Manifest.lock */ = {
			isa = PBXShellScriptBuildPhase;
			buildActionMask = 2147483647;
			files = (
			);
			inputPaths = (
			);
			name = "Check Pods Manifest.lock";
			outputPaths = (
			);
			runOnlyForDeploymentPostprocessing = 0;
			shellPath = /bin/sh;
			shellScript = "diff \"${PODS_ROOT}/../Podfile.lock\" \"${PODS_ROOT}/Manifest.lock\" > /dev/null\nif [[ $? != 0 ]] ; then\n    cat << EOM\nerror: The sandbox is not in sync with the Podfile.lock. Run 'pod install' or update your CocoaPods installation.\nEOM\n    exit 1\nfi\n";
			showEnvVarsInLog = 0;
		};
		95DFFA993968ADCEFDE695EB /* Copy Pods Resources */ = {
			isa = PBXShellScriptBuildPhase;
			buildActionMask = 2147483647;
			files = (
			);
			inputPaths = (
			);
			name = "Copy Pods Resources";
			outputPaths = (
			);
			runOnlyForDeploymentPostprocessing = 0;
			shellPath = /bin/sh;
			shellScript = "\"${SRCROOT}/Pods/Target Support Files/Pods/Pods-resources.sh\"\n";
			showEnvVarsInLog = 0;
		};
/* End PBXShellScriptBuildPhase section */

/* Begin PBXSourcesBuildPhase section */
		0DE496A31B6114D6005E17FC /* Sources */ = {
			isa = PBXSourcesBuildPhase;
			buildActionMask = 2147483647;
			files = (
				0DE496B31B6114D6005E17FC /* ViewController.m in Sources */,
				0DE496B01B6114D6005E17FC /* AppDelegate.m in Sources */,
				0DA5BE721B61D5C1003238D6 /* PIdiomService.m in Sources */,
				0DE496D21B612FB7005E17FC /* IdiomData.m in Sources */,
				0DE496AD1B6114D6005E17FC /* main.m in Sources */,
			);
			runOnlyForDeploymentPostprocessing = 0;
		};
		0DE496BC1B6114D6005E17FC /* Sources */ = {
			isa = PBXSourcesBuildPhase;
			buildActionMask = 2147483647;
			files = (
				0DE496C71B6114D6005E17FC /* QMCaptureTests.m in Sources */,
			);
			runOnlyForDeploymentPostprocessing = 0;
		};
/* End PBXSourcesBuildPhase section */

/* Begin PBXTargetDependency section */
		0DE496C21B6114D6005E17FC /* PBXTargetDependency */ = {
			isa = PBXTargetDependency;
			target = 0DE496A61B6114D6005E17FC /* QMCapture */;
			targetProxy = 0DE496C11B6114D6005E17FC /* PBXContainerItemProxy */;
		};
/* End PBXTargetDependency section */

/* Begin PBXVariantGroup section */
		0DE496B41B6114D6005E17FC /* Main.storyboard */ = {
			isa = PBXVariantGroup;
			children = (
				0DE496B51B6114D6005E17FC /* Base */,
			);
			name = Main.storyboard;
			sourceTree = "<group>";
		};
		0DE496B91B6114D6005E17FC /* LaunchScreen.xib */ = {
			isa = PBXVariantGroup;
			children = (
				0DE496BA1B6114D6005E17FC /* Base */,
			);
			name = LaunchScreen.xib;
			sourceTree = "<group>";
		};
/* End PBXVariantGroup section */

/* Begin XCBuildConfiguration section */
		0DE496C81B6114D6005E17FC /* Debug */ = {
			isa = XCBuildConfiguration;
			buildSettings = {
				ALWAYS_SEARCH_USER_PATHS = NO;
				CLANG_CXX_LANGUAGE_STANDARD = "gnu++0x";
				CLANG_CXX_LIBRARY = "libc++";
				CLANG_ENABLE_MODULES = YES;
				CLANG_ENABLE_OBJC_ARC = YES;
				CLANG_WARN_BOOL_CONVERSION = YES;
				CLANG_WARN_CONSTANT_CONVERSION = YES;
				CLANG_WARN_DIRECT_OBJC_ISA_USAGE = YES_ERROR;
				CLANG_WARN_EMPTY_BODY = YES;
				CLANG_WARN_ENUM_CONVERSION = YES;
				CLANG_WARN_INT_CONVERSION = YES;
				CLANG_WARN_OBJC_ROOT_CLASS = YES_ERROR;
				CLANG_WARN_UNREACHABLE_CODE = YES;
				CLANG_WARN__DUPLICATE_METHOD_MATCH = YES;
				"CODE_SIGN_IDENTITY[sdk=iphoneos*]" = "iPhone Developer";
				COPY_PHASE_STRIP = NO;
				DEBUG_INFORMATION_FORMAT = "dwarf-with-dsym";
				ENABLE_STRICT_OBJC_MSGSEND = YES;
				GCC_C_LANGUAGE_STANDARD = gnu99;
				GCC_DYNAMIC_NO_PIC = NO;
				GCC_NO_COMMON_BLOCKS = YES;
				GCC_OPTIMIZATION_LEVEL = 0;
				GCC_PREPROCESSOR_DEFINITIONS = (
					"DEBUG=1",
					"$(inherited)",
				);
				GCC_SYMBOLS_PRIVATE_EXTERN = NO;
				GCC_WARN_64_TO_32_BIT_CONVERSION = YES;
				GCC_WARN_ABOUT_RETURN_TYPE = YES_ERROR;
				GCC_WARN_UNDECLARED_SELECTOR = YES;
				GCC_WARN_UNINITIALIZED_AUTOS = YES_AGGRESSIVE;
				GCC_WARN_UNUSED_FUNCTION = YES;
				GCC_WARN_UNUSED_VARIABLE = YES;
				IPHONEOS_DEPLOYMENT_TARGET = 8.4;
				MTL_ENABLE_DEBUG_INFO = YES;
				ONLY_ACTIVE_ARCH = YES;
				SDKROOT = iphoneos;
				TARGETED_DEVICE_FAMILY = "1,2";
			};
			name = Debug;
		};
		0DE496C91B6114D6005E17FC /* Release */ = {
			isa = XCBuildConfiguration;
			buildSettings = {
				ALWAYS_SEARCH_USER_PATHS = NO;
				CLANG_CXX_LANGUAGE_STANDARD = "gnu++0x";
				CLANG_CXX_LIBRARY = "libc++";
				CLANG_ENABLE_MODULES = YES;
				CLANG_ENABLE_OBJC_ARC = YES;
				CLANG_WARN_BOOL_CONVERSION = YES;
				CLANG_WARN_CONSTANT_CONVERSION = YES;
				CLANG_WARN_DIRECT_OBJC_ISA_USAGE = YES_ERROR;
				CLANG_WARN_EMPTY_BODY = YES;
				CLANG_WARN_ENUM_CONVERSION = YES;
				CLANG_WARN_INT_CONVERSION = YES;
				CLANG_WARN_OBJC_ROOT_CLASS = YES_ERROR;
				CLANG_WARN_UNREACHABLE_CODE = YES;
				CLANG_WARN__DUPLICATE_METHOD_MATCH = YES;
				"CODE_SIGN_IDENTITY[sdk=iphoneos*]" = "iPhone Developer";
				COPY_PHASE_STRIP = NO;
				DEBUG_INFORMATION_FORMAT = "dwarf-with-dsym";
				ENABLE_NS_ASSERTIONS = NO;
				ENABLE_STRICT_OBJC_MSGSEND = YES;
				GCC_C_LANGUAGE_STANDARD = gnu99;
				GCC_NO_COMMON_BLOCKS = YES;
				GCC_WARN_64_TO_32_BIT_CONVERSION = YES;
				GCC_WARN_ABOUT_RETURN_TYPE = YES_ERROR;
				GCC_WARN_UNDECLARED_SELECTOR = YES;
				GCC_WARN_UNINITIALIZED_AUTOS = YES_AGGRESSIVE;
				GCC_WARN_UNUSED_FUNCTION = YES;
				GCC_WARN_UNUSED_VARIABLE = YES;
				IPHONEOS_DEPLOYMENT_TARGET = 8.4;
				MTL_ENABLE_DEBUG_INFO = NO;
				SDKROOT = iphoneos;
				TARGETED_DEVICE_FAMILY = "1,2";
				VALIDATE_PRODUCT = YES;
			};
			name = Release;
		};
		0DE496CB1B6114D6005E17FC /* Debug */ = {
			isa = XCBuildConfiguration;
			baseConfigurationReference = DF10F9EFE7A8C67BC0AA9D83 /* Pods.debug.xcconfig */;
			buildSettings = {
				ASSETCATALOG_COMPILER_APPICON_NAME = AppIcon;
				INFOPLIST_FILE = QMCapture/Info.plist;
				LD_RUNPATH_SEARCH_PATHS = "$(inherited) @executable_path/Frameworks";
				PRODUCT_NAME = "$(TARGET_NAME)";
			};
			name = Debug;
		};
		0DE496CC1B6114D6005E17FC /* Release */ = {
			isa = XCBuildConfiguration;
			baseConfigurationReference = 7BD6721B77A1AAEDECFEC819 /* Pods.release.xcconfig */;
			buildSettings = {
				ASSETCATALOG_COMPILER_APPICON_NAME = AppIcon;
				INFOPLIST_FILE = QMCapture/Info.plist;
				LD_RUNPATH_SEARCH_PATHS = "$(inherited) @executable_path/Frameworks";
				PRODUCT_NAME = "$(TARGET_NAME)";
			};
			name = Release;
		};
		0DE496CE1B6114D6005E17FC /* Debug */ = {
			isa = XCBuildConfiguration;
			buildSettings = {
				BUNDLE_LOADER = "$(TEST_HOST)";
				FRAMEWORK_SEARCH_PATHS = (
					"$(SDKROOT)/Developer/Library/Frameworks",
					"$(inherited)",
				);
				GCC_PREPROCESSOR_DEFINITIONS = (
					"DEBUG=1",
					"$(inherited)",
				);
				INFOPLIST_FILE = QMCaptureTests/Info.plist;
				LD_RUNPATH_SEARCH_PATHS = "$(inherited) @executable_path/Frameworks @loader_path/Frameworks";
				PRODUCT_NAME = "$(TARGET_NAME)";
				TEST_HOST = "$(BUILT_PRODUCTS_DIR)/QMCapture.app/QMCapture";
			};
			name = Debug;
		};
		0DE496CF1B6114D6005E17FC /* Release */ = {
			isa = XCBuildConfiguration;
			buildSettings = {
				BUNDLE_LOADER = "$(TEST_HOST)";
				FRAMEWORK_SEARCH_PATHS = (
					"$(SDKROOT)/Developer/Library/Frameworks",
					"$(inherited)",
				);
				INFOPLIST_FILE = QMCaptureTests/Info.plist;
				LD_RUNPATH_SEARCH_PATHS = "$(inherited) @executable_path/Frameworks @loader_path/Frameworks";
				PRODUCT_NAME = "$(TARGET_NAME)";
				TEST_HOST = "$(BUILT_PRODUCTS_DIR)/QMCapture.app/QMCapture";
			};
			name = Release;
		};
/* End XCBuildConfiguration section */

/* Begin XCConfigurationList section */
		0DE496A21B6114D6005E17FC /* Build configuration list for PBXProject "QMCapture" */ = {
			isa = XCConfigurationList;
			buildConfigurations = (
				0DE496C81B6114D6005E17FC /* Debug */,
				0DE496C91B6114D6005E17FC /* Release */,
			);
			defaultConfigurationIsVisible = 0;
			defaultConfigurationName = Release;
		};
		0DE496CA1B6114D6005E17FC /* Build configuration list for PBXNativeTarget "QMCapture" */ = {
			isa = XCConfigurationList;
			buildConfigurations = (
				0DE496CB1B6114D6005E17FC /* Debug */,
				0DE496CC1B6114D6005E17FC /* Release */,
			);
			defaultConfigurationIsVisible = 0;
			defaultConfigurationName = Release;
		};
		0DE496CD1B6114D6005E17FC /* Build configuration list for PBXNativeTarget "QMCaptureTests" */ = {
			isa = XCConfigurationList;
			buildConfigurations = (
				0DE496CE1B6114D6005E17FC /* Debug */,
				0DE496CF1B6114D6005E17FC /* Release */,
			);
			defaultConfigurationIsVisible = 0;
			defaultConfigurationName = Release;
		};
/* End XCConfigurationList section */
	};
	rootObject = 0DE4969F1B6114D6005E17FC /* Project object */;
}
